
Microsoft Visual Studio Solution File, Format Version 12.00
# Visual Studio Version 16
VisualStudioVersion = 16.0.29613.14
MinimumVisualStudioVersion = 10.0.40219.1
Project("{FAE04EC0-301F-11D3-BF4B-00C04F79EFBC}") = "PhoneLogs", "PhoneLogs\PhoneLogs.csproj", "{79ADB14F-283A-45D7-8EC4-F4D30D5C7D89}"
EndProject
Global
	GlobalSection(SolutionConfigurationPlatforms) = preSolution
		Debug|Any CPU = Debug|Any CPU
		Release|Any CPU = Release|Any CPU
	EndGlobalSection
	GlobalSection(ProjectConfigurationPlatforms) = postSolution
		{79ADB14F-283A-45D7-8EC4-F4D30D5C7D89}.Debug|Any CPU.ActiveCfg = Debug|Any CPU
		{79ADB14F-283A-45D7-8EC4-F4D30D5C7D89}.Debug|Any CPU.Build.0 = Debug|Any CPU
		{79ADB14F-283A-45D7-8EC4-F4D30D5C7D89}.Release|Any CPU.ActiveCfg = Release|Any CPU
		{79ADB14F-283A-45D7-8EC4-F4D30D5C7D89}.Release|Any CPU.Build.0 = Release|Any CPU
	EndGlobalSection
	GlobalSection(SolutionProperties) = preSolution
		HideSolutionNode = FALSE
	EndGlobalSection
	GlobalSection(ExtensibilityGlobals) = postSolution
		SolutionGuid = {3DFA1C39-76F7-45AE-B77C-B74ED84BD3A1}
	EndGlobalSection
EndGlobal
